
Microsoft Visual Studio Solution File, Format Version 12.00
# Visual Studio 2013
VisualStudioVersion = 12.0.40629.0
MinimumVisualStudioVersion = 10.0.40219.1
Project("{FAE04EC0-301F-11D3-BF4B-00C04F79EFBC}") = "GeneWeb", "GeneWeb\GeneWeb.csproj", "{35C29428-3761-4DA0-8029-4050AE4CE3AD}"
EndProject
Global
	GlobalSection(SolutionConfigurationPlatforms) = preSolution
		Debug|Any CPU = Debug|Any CPU
		Release|Any CPU = Release|Any CPU
	EndGlobalSection
	GlobalSection(ProjectConfigurationPlatforms) = postSolution
		{35C29428-3761-4DA0-8029-4050AE4CE3AD}.Debug|Any CPU.ActiveCfg = Debug|Any CPU
		{35C29428-3761-4DA0-8029-4050AE4CE3AD}.Debug|Any CPU.Build.0 = Debug|Any CPU
		{35C29428-3761-4DA0-8029-4050AE4CE3AD}.Release|Any CPU.ActiveCfg = Release|Any CPU
		{35C29428-3761-4DA0-8029-4050AE4CE3AD}.Release|Any CPU.Build.0 = Release|Any CPU
	EndGlobalSection
	GlobalSection(SolutionProperties) = preSolution
		HideSolutionNode = FALSE
	EndGlobalSection
EndGlobal
